
Microsoft Visual Studio Solution File, Format Version 12.00
# Visual Studio Version 17
VisualStudioVersion = 17.13.35931.197 d17.13
MinimumVisualStudioVersion = 10.0.40219.1
Project("{FAE04EC0-301F-11D3-BF4B-00C04F79EFBC}") = "JJ_TB4", "JJ_TB4.csproj", "{8CE1A0C6-AFC6-440C-A17C-027CDD37700A}"
EndProject
Global
	GlobalSection(SolutionConfigurationPlatforms) = preSolution
		Debug|Any CPU = Debug|Any CPU
		Release|Any CPU = Release|Any CPU
	EndGlobalSection
	GlobalSection(ProjectConfigurationPlatforms) = postSolution
		{8CE1A0C6-AFC6-440C-A17C-027CDD37700A}.Debug|Any CPU.ActiveCfg = Debug|Any CPU
		{8CE1A0C6-AFC6-440C-A17C-027CDD37700A}.Debug|Any CPU.Build.0 = Debug|Any CPU
		{8CE1A0C6-AFC6-440C-A17C-027CDD37700A}.Release|Any CPU.ActiveCfg = Release|Any CPU
		{8CE1A0C6-AFC6-440C-A17C-027CDD37700A}.Release|Any CPU.Build.0 = Release|Any CPU
	EndGlobalSection
	GlobalSection(SolutionProperties) = preSolution
		HideSolutionNode = FALSE
	EndGlobalSection
	GlobalSection(ExtensibilityGlobals) = postSolution
		SolutionGuid = {D1FE5513-0ECC-483E-9108-09C99D67FFF8}
	EndGlobalSection
EndGlobal
